{
  "name": "Frontend",
  "lockfileVersion": 3,
  "requires": true,
  "packages": {
    "": {
      "dependencies": {
        "backend": "file:.."
      }
    },
    "..": {
      "name": "backend",
      "version": "1.0.0",
      "license": "ISC",
      "dependencies": {
        "bcrypt": "^5.1.1",
        "dotenv": "^16.4.7",
        "mongoose": "^8.9.5"
      }
    },
    "node_modules/backend": {
      "resolved": "..",
      "link": true
    }
  }
}
